
Microsoft Visual Studio Solution File, Format Version 12.00
# Visual Studio 14
VisualStudioVersion = 14.0.24720.0
MinimumVisualStudioVersion = 10.0.40219.1
Project("{FAE04EC0-301F-11D3-BF4B-00C04F79EFBC}") = "Couchbase.Lite.Net.Universal", "Couchbase.Lite.Net.Universal.csproj", "{708890CB-0E17-48A8-9B3E-2EFFCC80508E}"
EndProject
Project("{D954291E-2A0B-460D-934E-DC6B0785DB48}") = "Couchbase.Lite.Shared", "..\Couchbase.Lite.Shared\Couchbase.Lite.Shared.shproj", "{0A88C2A7-7AD8-46F9-9D31-869E3466B791}"
EndProject
Project("{FAE04EC0-301F-11D3-BF4B-00C04F79EFBC}") = "portable.profile78", "..\Couchbase.Lite.Shared\vendor\SQLitePCL\bld\portable.profile78.csproj", "{84547E16-A872-418D-82A6-B57ADEE290AE}"
EndProject
Project("{D954291E-2A0B-460D-934E-DC6B0785DB48}") = "cbforest-sharp.Shared", "..\Couchbase.Lite.Shared\vendor\cbforest\CSharp\cbforest-sharp.Shared\cbforest-sharp.Shared.shproj", "{0BFC8B40-0659-4D45-B111-7CB4CCD22991}"
EndProject
Global
	GlobalSection(SharedMSBuildProjectFiles) = preSolution
		..\Couchbase.Lite.Shared\Couchbase.Lite.Shared.projitems*{0a88c2a7-7ad8-46f9-9d31-869e3466b791}*SharedItemsImports = 13
		..\Couchbase.Lite.Shared\Couchbase.Lite.Shared.projitems*{708890cb-0e17-48a8-9b3e-2effcc80508e}*SharedItemsImports = 4
		..\Couchbase.Lite.Shared\vendor\cbforest\CSharp\cbforest-sharp.Shared\cbforest-sharp.Shared.projitems*{0bfc8b40-0659-4d45-b111-7cb4ccd22991}*SharedItemsImports = 13
	EndGlobalSection
	GlobalSection(SolutionConfigurationPlatforms) = preSolution
		Debug|Any CPU = Debug|Any CPU
		Debug|ARM = Debug|ARM
		Debug|x64 = Debug|x64
		Debug|x86 = Debug|x86
		Release|Any CPU = Release|Any CPU
		Release|ARM = Release|ARM
		Release|x64 = Release|x64
		Release|x86 = Release|x86
	EndGlobalSection
	GlobalSection(ProjectConfigurationPlatforms) = postSolution
		{708890CB-0E17-48A8-9B3E-2EFFCC80508E}.Debug|Any CPU.ActiveCfg = Debug|Any CPU
		{708890CB-0E17-48A8-9B3E-2EFFCC80508E}.Debug|Any CPU.Build.0 = Debug|Any CPU
		{708890CB-0E17-48A8-9B3E-2EFFCC80508E}.Debug|ARM.ActiveCfg = Debug|ARM
		{708890CB-0E17-48A8-9B3E-2EFFCC80508E}.Debug|ARM.Build.0 = Debug|ARM
		{708890CB-0E17-48A8-9B3E-2EFFCC80508E}.Debug|x64.ActiveCfg = Debug|x64
		{708890CB-0E17-48A8-9B3E-2EFFCC80508E}.Debug|x64.Build.0 = Debug|x64
		{708890CB-0E17-48A8-9B3E-2EFFCC80508E}.Debug|x86.ActiveCfg = Debug|x86
		{708890CB-0E17-48A8-9B3E-2EFFCC80508E}.Debug|x86.Build.0 = Debug|x86
		{708890CB-0E17-48A8-9B3E-2EFFCC80508E}.Release|Any CPU.ActiveCfg = Release|Any CPU
		{708890CB-0E17-48A8-9B3E-2EFFCC80508E}.Release|Any CPU.Build.0 = Release|Any CPU
		{708890CB-0E17-48A8-9B3E-2EFFCC80508E}.Release|ARM.ActiveCfg = Release|ARM
		{708890CB-0E17-48A8-9B3E-2EFFCC80508E}.Release|ARM.Build.0 = Release|ARM
		{708890CB-0E17-48A8-9B3E-2EFFCC80508E}.Release|x64.ActiveCfg = Release|x64
		{708890CB-0E17-48A8-9B3E-2EFFCC80508E}.Release|x64.Build.0 = Release|x64
		{708890CB-0E17-48A8-9B3E-2EFFCC80508E}.Release|x86.ActiveCfg = Release|x86
		{708890CB-0E17-48A8-9B3E-2EFFCC80508E}.Release|x86.Build.0 = Release|x86
		{84547E16-A872-418D-82A6-B57ADEE290AE}.Debug|Any CPU.ActiveCfg = debug|Any CPU
		{84547E16-A872-418D-82A6-B57ADEE290AE}.Debug|Any CPU.Build.0 = debug|Any CPU
		{84547E16-A872-418D-82A6-B57ADEE290AE}.Debug|ARM.ActiveCfg = debug|Any CPU
		{84547E16-A872-418D-82A6-B57ADEE290AE}.Debug|ARM.Build.0 = debug|Any CPU
		{84547E16-A872-418D-82A6-B57ADEE290AE}.Debug|x64.ActiveCfg = debug|Any CPU
		{84547E16-A872-418D-82A6-B57ADEE290AE}.Debug|x64.Build.0 = debug|Any CPU
		{84547E16-A872-418D-82A6-B57ADEE290AE}.Debug|x86.ActiveCfg = debug|Any CPU
		{84547E16-A872-418D-82A6-B57ADEE290AE}.Debug|x86.Build.0 = debug|Any CPU
		{84547E16-A872-418D-82A6-B57ADEE290AE}.Release|Any CPU.ActiveCfg = release|Any CPU
		{84547E16-A872-418D-82A6-B57ADEE290AE}.Release|Any CPU.Build.0 = release|Any CPU
		{84547E16-A872-418D-82A6-B57ADEE290AE}.Release|ARM.ActiveCfg = release|Any CPU
		{84547E16-A872-418D-82A6-B57ADEE290AE}.Release|ARM.Build.0 = release|Any CPU
		{84547E16-A872-418D-82A6-B57ADEE290AE}.Release|x64.ActiveCfg = release|Any CPU
		{84547E16-A872-418D-82A6-B57ADEE290AE}.Release|x64.Build.0 = release|Any CPU
		{84547E16-A872-418D-82A6-B57ADEE290AE}.Release|x86.ActiveCfg = release|Any CPU
		{84547E16-A872-418D-82A6-B57ADEE290AE}.Release|x86.Build.0 = release|Any CPU
	EndGlobalSection
	GlobalSection(SolutionProperties) = preSolution
		HideSolutionNode = FALSE
	EndGlobalSection
EndGlobal
